// !$*UTF8*$!
{
	archiveVersion = 1;
	classes = {
	};
	objectVersion = 56;
	objects = {

/* Begin PBXBuildFile section */
		CC0EF9122B74C37B00206431 /* OnboardingView.swift in Sources */ = {isa = PBXBuildFile; fileRef = CC0EF9112B74C37B00206431 /* OnboardingView.swift */; };
		CC0EF9142B74C49800206431 /* BlurredButton.swift in Sources */ = {isa = PBXBuildFile; fileRef = CC0EF9132B74C49800206431 /* BlurredButton.swift */; };
		CC0EF9162B74E15500206431 /* ARSceneView.swift in Sources */ = {isa = PBXBuildFile; fileRef = CC0EF9152B74E15500206431 /* ARSceneView.swift */; };
		CC0EF9182B74F74D00206431 /* TouchGestureExploreView.swift in Sources */ = {isa = PBXBuildFile; fileRef = CC0EF9172B74F74D00206431 /* TouchGestureExploreView.swift */; };
		CC2499692B7FA1A700612502 /* BlurredExploreIndicatorStackView.swift in Sources */ = {isa = PBXBuildFile; fileRef = CC2499682B7FA1A700612502 /* BlurredExploreIndicatorStackView.swift */; };
		CC24996B2B7FA1F600612502 /* BlurredExploreStageDescriptionView.swift in Sources */ = {isa = PBXBuildFile; fileRef = CC24996A2B7FA1F600612502 /* BlurredExploreStageDescriptionView.swift */; };
		CC24996D2B7FBF9100612502 /* TouchGestureExploreModel.swift in Sources */ = {isa = PBXBuildFile; fileRef = CC24996C2B7FBF9100612502 /* TouchGestureExploreModel.swift */; };
		CC2499702B8506D300612502 /* ExploreStage.swift in Sources */ = {isa = PBXBuildFile; fileRef = CC24996F2B8506D300612502 /* ExploreStage.swift */; };
		CC325D242B5CB7FF007C93DC /* UIView+Extension.swift in Sources */ = {isa = PBXBuildFile; fileRef = CC325D232B5CB7FF007C93DC /* UIView+Extension.swift */; };
		CC325D282B5D2E94007C93DC /* NavigationManager.swift in Sources */ = {isa = PBXBuildFile; fileRef = CC325D272B5D2E94007C93DC /* NavigationManager.swift */; };
		CC325D2A2B5D3201007C93DC /* Observer.swift in Sources */ = {isa = PBXBuildFile; fileRef = CC325D292B5D3201007C93DC /* Observer.swift */; };
		CC325D2C2B5D3236007C93DC /* Publisher.swift in Sources */ = {isa = PBXBuildFile; fileRef = CC325D2B2B5D3236007C93DC /* Publisher.swift */; };
		CC3DE29A2B5A842E004175E4 /* HeaderView.swift in Sources */ = {isa = PBXBuildFile; fileRef = CC3DE2992B5A842E004175E4 /* HeaderView.swift */; };
		CC3DE29F2B5A934F004175E4 /* ExploreButtonsView.swift in Sources */ = {isa = PBXBuildFile; fileRef = CC3DE29E2B5A934F004175E4 /* ExploreButtonsView.swift */; };
		CC4779412B63CBC000333CD2 /* PrevButton.swift in Sources */ = {isa = PBXBuildFile; fileRef = CC4779402B63CBC000333CD2 /* PrevButton.swift */; };
		CC78E3442B6397320038088C /* Finn.swift in Sources */ = {isa = PBXBuildFile; fileRef = CC78E3432B6397320038088C /* Finn.swift */; };
		CC78E3472B63997C0038088C /* ARCharacterActionData.swift in Sources */ = {isa = PBXBuildFile; fileRef = CC78E3462B63997C0038088C /* ARCharacterActionData.swift */; };
		CC9857AE2B622F16000D621A /* ARObjectData.swift in Sources */ = {isa = PBXBuildFile; fileRef = CC9857AD2B622F16000D621A /* ARObjectData.swift */; };
		CC9857B12B623F1B000D621A /* ActionProtocol.swift in Sources */ = {isa = PBXBuildFile; fileRef = CC9857B02B623F1B000D621A /* ActionProtocol.swift */; };
		CC9857B32B62408C000D621A /* Arr.swift in Sources */ = {isa = PBXBuildFile; fileRef = CC9857B22B62408C000D621A /* Arr.swift */; };
		CC9857B72B624D2D000D621A /* ARCharacterProtocol.swift in Sources */ = {isa = PBXBuildFile; fileRef = CC9857B62B624D2D000D621A /* ARCharacterProtocol.swift */; };
		CCAC2CAF2B6B6D8300D73E69 /* HomeView.swift in Sources */ = {isa = PBXBuildFile; fileRef = CCAC2CAE2B6B6D8300D73E69 /* HomeView.swift */; };
		CCAC2CB12B6B8C8100D73E69 /* CharacterSelectionView.swift in Sources */ = {isa = PBXBuildFile; fileRef = CCAC2CB02B6B8C8100D73E69 /* CharacterSelectionView.swift */; };
		CCAC2CB32B6BA96800D73E69 /* SelectionStackView.swift in Sources */ = {isa = PBXBuildFile; fileRef = CCAC2CB22B6BA96800D73E69 /* SelectionStackView.swift */; };
		CCAC2CB52B6BBF0300D73E69 /* RadioButton.swift in Sources */ = {isa = PBXBuildFile; fileRef = CCAC2CB42B6BBF0300D73E69 /* RadioButton.swift */; };
		CCADA62C2B5952AD000C373E /* AppDelegate.swift in Sources */ = {isa = PBXBuildFile; fileRef = CCADA62B2B5952AD000C373E /* AppDelegate.swift */; };
		CCADA62E2B5952AD000C373E /* SceneDelegate.swift in Sources */ = {isa = PBXBuildFile; fileRef = CCADA62D2B5952AD000C373E /* SceneDelegate.swift */; };
		CCADA6302B5952AD000C373E /* HomeViewController.swift in Sources */ = {isa = PBXBuildFile; fileRef = CCADA62F2B5952AD000C373E /* HomeViewController.swift */; };
		CCADA6352B5952AE000C373E /* Assets.xcassets in Resources */ = {isa = PBXBuildFile; fileRef = CCADA6342B5952AE000C373E /* Assets.xcassets */; };
		CCADA6382B5952AE000C373E /* LaunchScreen.storyboard in Resources */ = {isa = PBXBuildFile; fileRef = CCADA6362B5952AE000C373E /* LaunchScreen.storyboard */; };
		CCADA64F2B595AD2000C373E /* art.scnassets in Resources */ = {isa = PBXBuildFile; fileRef = CCADA64E2B595AD2000C373E /* art.scnassets */; };
		CCB67B8B2B5FE0E6001B2A07 /* KioskViewController.swift in Sources */ = {isa = PBXBuildFile; fileRef = CCB67B8A2B5FE0E6001B2A07 /* KioskViewController.swift */; };
		CCB67B8D2B5FE159001B2A07 /* AIExploreViewController.swift in Sources */ = {isa = PBXBuildFile; fileRef = CCB67B8C2B5FE159001B2A07 /* AIExploreViewController.swift */; };
		CCB67B992B5FF813001B2A07 /* ARCharacterSelectionViewController.swift in Sources */ = {isa = PBXBuildFile; fileRef = CCB67B982B5FF813001B2A07 /* ARCharacterSelectionViewController.swift */; };
		CCC53EFE2B739C9A00B1C7E5 /* ImageButton.swift in Sources */ = {isa = PBXBuildFile; fileRef = CCC53EFD2B739C9A00B1C7E5 /* ImageButton.swift */; };
		CCC53F002B73C18100B1C7E5 /* CharacterSelectionModel.swift in Sources */ = {isa = PBXBuildFile; fileRef = CCC53EFF2B73C18100B1C7E5 /* CharacterSelectionModel.swift */; };
		CCC53F022B73C3F600B1C7E5 /* ARCharacterFactory.swift in Sources */ = {isa = PBXBuildFile; fileRef = CCC53F012B73C3F600B1C7E5 /* ARCharacterFactory.swift */; };
		CCC53F042B73CBA100B1C7E5 /* TouchGestureExploreViewController.swift in Sources */ = {isa = PBXBuildFile; fileRef = CCC53F032B73CBA100B1C7E5 /* TouchGestureExploreViewController.swift */; };
/* End PBXBuildFile section */

/* Begin PBXFileReference section */
		CC0EF9112B74C37B00206431 /* OnboardingView.swift */ = {isa = PBXFileReference; lastKnownFileType = sourcecode.swift; path = OnboardingView.swift; sourceTree = "<group>"; };
		CC0EF9132B74C49800206431 /* BlurredButton.swift */ = {isa = PBXFileReference; lastKnownFileType = sourcecode.swift; path = BlurredButton.swift; sourceTree = "<group>"; };
		CC0EF9152B74E15500206431 /* ARSceneView.swift */ = {isa = PBXFileReference; lastKnownFileType = sourcecode.swift; path = ARSceneView.swift; sourceTree = "<group>"; };
		CC0EF9172B74F74D00206431 /* TouchGestureExploreView.swift */ = {isa = PBXFileReference; lastKnownFileType = sourcecode.swift; path = TouchGestureExploreView.swift; sourceTree = "<group>"; };
		CC2499682B7FA1A700612502 /* BlurredExploreIndicatorStackView.swift */ = {isa = PBXFileReference; lastKnownFileType = sourcecode.swift; path = BlurredExploreIndicatorStackView.swift; sourceTree = "<group>"; };
		CC24996A2B7FA1F600612502 /* BlurredExploreStageDescriptionView.swift */ = {isa = PBXFileReference; lastKnownFileType = sourcecode.swift; path = BlurredExploreStageDescriptionView.swift; sourceTree = "<group>"; };
		CC24996C2B7FBF9100612502 /* TouchGestureExploreModel.swift */ = {isa = PBXFileReference; lastKnownFileType = sourcecode.swift; path = TouchGestureExploreModel.swift; sourceTree = "<group>"; };
		CC24996F2B8506D300612502 /* ExploreStage.swift */ = {isa = PBXFileReference; lastKnownFileType = sourcecode.swift; path = ExploreStage.swift; sourceTree = "<group>"; };
		CC325D232B5CB7FF007C93DC /* UIView+Extension.swift */ = {isa = PBXFileReference; lastKnownFileType = sourcecode.swift; path = "UIView+Extension.swift"; sourceTree = "<group>"; };
		CC325D272B5D2E94007C93DC /* NavigationManager.swift */ = {isa = PBXFileReference; lastKnownFileType = sourcecode.swift; path = NavigationManager.swift; sourceTree = "<group>"; };
		CC325D292B5D3201007C93DC /* Observer.swift */ = {isa = PBXFileReference; lastKnownFileType = sourcecode.swift; path = Observer.swift; sourceTree = "<group>"; };
		CC325D2B2B5D3236007C93DC /* Publisher.swift */ = {isa = PBXFileReference; lastKnownFileType = sourcecode.swift; path = Publisher.swift; sourceTree = "<group>"; };
		CC3DE2992B5A842E004175E4 /* HeaderView.swift */ = {isa = PBXFileReference; lastKnownFileType = sourcecode.swift; path = HeaderView.swift; sourceTree = "<group>"; };
		CC3DE29E2B5A934F004175E4 /* ExploreButtonsView.swift */ = {isa = PBXFileReference; lastKnownFileType = sourcecode.swift; path = ExploreButtonsView.swift; sourceTree = "<group>"; };
		CC4779402B63CBC000333CD2 /* PrevButton.swift */ = {isa = PBXFileReference; lastKnownFileType = sourcecode.swift; path = PrevButton.swift; sourceTree = "<group>"; };
		CC78E3432B6397320038088C /* Finn.swift */ = {isa = PBXFileReference; lastKnownFileType = sourcecode.swift; path = Finn.swift; sourceTree = "<group>"; };
		CC78E3462B63997C0038088C /* ARCharacterActionData.swift */ = {isa = PBXFileReference; lastKnownFileType = sourcecode.swift; path = ARCharacterActionData.swift; sourceTree = "<group>"; };
		CC9857AD2B622F16000D621A /* ARObjectData.swift */ = {isa = PBXFileReference; lastKnownFileType = sourcecode.swift; path = ARObjectData.swift; sourceTree = "<group>"; };
		CC9857B02B623F1B000D621A /* ActionProtocol.swift */ = {isa = PBXFileReference; lastKnownFileType = sourcecode.swift; path = ActionProtocol.swift; sourceTree = "<group>"; };
		CC9857B22B62408C000D621A /* Arr.swift */ = {isa = PBXFileReference; lastKnownFileType = sourcecode.swift; path = Arr.swift; sourceTree = "<group>"; };
		CC9857B62B624D2D000D621A /* ARCharacterProtocol.swift */ = {isa = PBXFileReference; lastKnownFileType = sourcecode.swift; path = ARCharacterProtocol.swift; sourceTree = "<group>"; };
		CCAC2CAE2B6B6D8300D73E69 /* HomeView.swift */ = {isa = PBXFileReference; lastKnownFileType = sourcecode.swift; path = HomeView.swift; sourceTree = "<group>"; };
		CCAC2CB02B6B8C8100D73E69 /* CharacterSelectionView.swift */ = {isa = PBXFileReference; lastKnownFileType = sourcecode.swift; path = CharacterSelectionView.swift; sourceTree = "<group>"; };
		CCAC2CB22B6BA96800D73E69 /* SelectionStackView.swift */ = {isa = PBXFileReference; lastKnownFileType = sourcecode.swift; path = SelectionStackView.swift; sourceTree = "<group>"; };
		CCAC2CB42B6BBF0300D73E69 /* RadioButton.swift */ = {isa = PBXFileReference; lastKnownFileType = sourcecode.swift; path = RadioButton.swift; sourceTree = "<group>"; };
		CCADA6282B5952AD000C373E /* Silver Explore Clean Version.app */ = {isa = PBXFileReference; explicitFileType = wrapper.application; includeInIndex = 0; path = "Silver Explore Clean Version.app"; sourceTree = BUILT_PRODUCTS_DIR; };
		CCADA62B2B5952AD000C373E /* AppDelegate.swift */ = {isa = PBXFileReference; lastKnownFileType = sourcecode.swift; path = AppDelegate.swift; sourceTree = "<group>"; };
		CCADA62D2B5952AD000C373E /* SceneDelegate.swift */ = {isa = PBXFileReference; lastKnownFileType = sourcecode.swift; path = SceneDelegate.swift; sourceTree = "<group>"; };
		CCADA62F2B5952AD000C373E /* HomeViewController.swift */ = {isa = PBXFileReference; lastKnownFileType = sourcecode.swift; path = HomeViewController.swift; sourceTree = "<group>"; };
		CCADA6342B5952AE000C373E /* Assets.xcassets */ = {isa = PBXFileReference; lastKnownFileType = folder.assetcatalog; path = Assets.xcassets; sourceTree = "<group>"; };
		CCADA6372B5952AE000C373E /* Base */ = {isa = PBXFileReference; lastKnownFileType = file.storyboard; name = Base; path = Base.lproj/LaunchScreen.storyboard; sourceTree = "<group>"; };
		CCADA6392B5952AE000C373E /* Info.plist */ = {isa = PBXFileReference; lastKnownFileType = text.plist.xml; path = Info.plist; sourceTree = "<group>"; };
		CCADA64E2B595AD2000C373E /* art.scnassets */ = {isa = PBXFileReference; lastKnownFileType = wrapper.scnassets; path = art.scnassets; sourceTree = "<group>"; };
		CCB67B8A2B5FE0E6001B2A07 /* KioskViewController.swift */ = {isa = PBXFileReference; lastKnownFileType = sourcecode.swift; path = KioskViewController.swift; sourceTree = "<group>"; };
		CCB67B8C2B5FE159001B2A07 /* AIExploreViewController.swift */ = {isa = PBXFileReference; lastKnownFileType = sourcecode.swift; path = AIExploreViewController.swift; sourceTree = "<group>"; };
		CCB67B982B5FF813001B2A07 /* ARCharacterSelectionViewController.swift */ = {isa = PBXFileReference; lastKnownFileType = sourcecode.swift; path = ARCharacterSelectionViewController.swift; sourceTree = "<group>"; };
		CCC53EFD2B739C9A00B1C7E5 /* ImageButton.swift */ = {isa = PBXFileReference; lastKnownFileType = sourcecode.swift; path = ImageButton.swift; sourceTree = "<group>"; };
		CCC53EFF2B73C18100B1C7E5 /* CharacterSelectionModel.swift */ = {isa = PBXFileReference; lastKnownFileType = sourcecode.swift; path = CharacterSelectionModel.swift; sourceTree = "<group>"; };
		CCC53F012B73C3F600B1C7E5 /* ARCharacterFactory.swift */ = {isa = PBXFileReference; lastKnownFileType = sourcecode.swift; path = ARCharacterFactory.swift; sourceTree = "<group>"; };
		CCC53F032B73CBA100B1C7E5 /* TouchGestureExploreViewController.swift */ = {isa = PBXFileReference; lastKnownFileType = sourcecode.swift; path = TouchGestureExploreViewController.swift; sourceTree = "<group>"; };
/* End PBXFileReference section */

/* Begin PBXFrameworksBuildPhase section */
		CCADA6252B5952AD000C373E /* Frameworks */ = {
			isa = PBXFrameworksBuildPhase;
			buildActionMask = 2147483647;
			files = (
			);
			runOnlyForDeploymentPostprocessing = 0;
		};
/* End PBXFrameworksBuildPhase section */

/* Begin PBXGroup section */
		CC0EF9192B75069200206431 /* Buttons */ = {
			isa = PBXGroup;
			children = (
				CC4779402B63CBC000333CD2 /* PrevButton.swift */,
				CCAC2CB42B6BBF0300D73E69 /* RadioButton.swift */,
				CCC53EFD2B739C9A00B1C7E5 /* ImageButton.swift */,
				CC0EF9132B74C49800206431 /* BlurredButton.swift */,
			);
			path = Buttons;
			sourceTree = "<group>";
		};
		CC1147792B7617A7007FE5E5 /* Views */ = {
			isa = PBXGroup;
			children = (
				CC3DE2992B5A842E004175E4 /* HeaderView.swift */,
			);
			path = Views;
			sourceTree = "<group>";
		};
		CC2499672B7FA18400612502 /* BlurredViews */ = {
			isa = PBXGroup;
			children = (
				CC2499682B7FA1A700612502 /* BlurredExploreIndicatorStackView.swift */,
				CC24996A2B7FA1F600612502 /* BlurredExploreStageDescriptionView.swift */,
			);
			path = BlurredViews;
			sourceTree = "<group>";
		};
		CC3DE2952B5A77A0004175E4 /* Navigatior */ = {
			isa = PBXGroup;
			children = (
				CC325D272B5D2E94007C93DC /* NavigationManager.swift */,
			);
			path = Navigatior;
			sourceTree = "<group>";
		};
		CC3DE2962B5A7AD3004175E4 /* Extensions */ = {
			isa = PBXGroup;
			children = (
				CC325D232B5CB7FF007C93DC /* UIView+Extension.swift */,
			);
			path = Extensions;
			sourceTree = "<group>";
		};
		CC3DE29B2B5A913B004175E4 /* Protocols */ = {
			isa = PBXGroup;
			children = (
				CC325D292B5D3201007C93DC /* Observer.swift */,
				CC325D2B2B5D3236007C93DC /* Publisher.swift */,
			);
			path = Protocols;
			sourceTree = "<group>";
		};
		CC78E3452B63995A0038088C /* General */ = {
			isa = PBXGroup;
			children = (
				CC9857B62B624D2D000D621A /* ARCharacterProtocol.swift */,
				CC78E3462B63997C0038088C /* ARCharacterActionData.swift */,
			);
			path = General;
			sourceTree = "<group>";
		};
		CC78E3482B63B5120038088C /* Characters */ = {
			isa = PBXGroup;
			children = (
				CC9857B22B62408C000D621A /* Arr.swift */,
				CC78E3432B6397320038088C /* Finn.swift */,
			);
			path = Characters;
			sourceTree = "<group>";
		};
		CC78E3492B63BE2D0038088C /* Reusable */ = {
			isa = PBXGroup;
			children = (
				CC1147792B7617A7007FE5E5 /* Views */,
				CC0EF9192B75069200206431 /* Buttons */,
			);
			path = Reusable;
			sourceTree = "<group>";
		};
		CC78E34A2B63BEA20038088C /* ARObject */ = {
			isa = PBXGroup;
			children = (
				CC9857AD2B622F16000D621A /* ARObjectData.swift */,
				CC9857B02B623F1B000D621A /* ActionProtocol.swift */,
				CC9857AC2B622DED000D621A /* ARCharacter */,
			);
			path = ARObject;
			sourceTree = "<group>";
		};
		CC9857AB2B622DE3000D621A /* TouchGestureExplore */ = {
			isa = PBXGroup;
			children = (
				CCC53F012B73C3F600B1C7E5 /* ARCharacterFactory.swift */,
				CCC53EFF2B73C18100B1C7E5 /* CharacterSelectionModel.swift */,
				CC24996C2B7FBF9100612502 /* TouchGestureExploreModel.swift */,
				CC24996F2B8506D300612502 /* ExploreStage.swift */,
				CCADA6422B59532F000C373E /* Util */,
			);
			path = TouchGestureExplore;
			sourceTree = "<group>";
		};
		CC9857AC2B622DED000D621A /* ARCharacter */ = {
			isa = PBXGroup;
			children = (
				CC78E3452B63995A0038088C /* General */,
				CC78E3482B63B5120038088C /* Characters */,
			);
			path = ARCharacter;
			sourceTree = "<group>";
		};
		CCAC2CAD2B6B6D7600D73E69 /* View */ = {
			isa = PBXGroup;
			children = (
				CC3DE29E2B5A934F004175E4 /* ExploreButtonsView.swift */,
				CCAC2CAE2B6B6D8300D73E69 /* HomeView.swift */,
			);
			path = View;
			sourceTree = "<group>";
		};
		CCADA61F2B5952AD000C373E = {
			isa = PBXGroup;
			children = (
				CCADA62A2B5952AD000C373E /* Silver Explore Clean Version */,
				CCADA6292B5952AD000C373E /* Products */,
			);
			sourceTree = "<group>";
		};
		CCADA6292B5952AD000C373E /* Products */ = {
			isa = PBXGroup;
			children = (
				CCADA6282B5952AD000C373E /* Silver Explore Clean Version.app */,
			);
			name = Products;
			sourceTree = "<group>";
		};
		CCADA62A2B5952AD000C373E /* Silver Explore Clean Version */ = {
			isa = PBXGroup;
			children = (
				CCADA63F2B595309000C373E /* App */,
				CCADA6402B595316000C373E /* Presentation */,
				CCADA6412B595327000C373E /* Domain */,
				CCADA6342B5952AE000C373E /* Assets.xcassets */,
				CCADA6362B5952AE000C373E /* LaunchScreen.storyboard */,
				CCADA6392B5952AE000C373E /* Info.plist */,
				CCADA64E2B595AD2000C373E /* art.scnassets */,
			);
			path = "Silver Explore Clean Version";
			sourceTree = "<group>";
		};
		CCADA63F2B595309000C373E /* App */ = {
			isa = PBXGroup;
			children = (
				CCADA62B2B5952AD000C373E /* AppDelegate.swift */,
				CCADA62D2B5952AD000C373E /* SceneDelegate.swift */,
			);
			path = App;
			sourceTree = "<group>";
		};
		CCADA6402B595316000C373E /* Presentation */ = {
			isa = PBXGroup;
			children = (
				CC78E3492B63BE2D0038088C /* Reusable */,
				CCB67B872B5FE058001B2A07 /* AIExplore */,
				CCB67B862B5FE035001B2A07 /* KioskExplore */,
				CCADA6492B595A4F000C373E /* TouchGestureExplore */,
				CCADA6432B5956BC000C373E /* Home */,
			);
			path = Presentation;
			sourceTree = "<group>";
		};
		CCADA6412B595327000C373E /* Domain */ = {
			isa = PBXGroup;
			children = (
				CC78E34A2B63BEA20038088C /* ARObject */,
				CC9857AB2B622DE3000D621A /* TouchGestureExplore */,
			);
			path = Domain;
			sourceTree = "<group>";
		};
		CCADA6422B59532F000C373E /* Util */ = {
			isa = PBXGroup;
			children = (
				CC3DE2952B5A77A0004175E4 /* Navigatior */,
				CC3DE29B2B5A913B004175E4 /* Protocols */,
				CC3DE2962B5A7AD3004175E4 /* Extensions */,
			);
			path = Util;
			sourceTree = "<group>";
		};
		CCADA6432B5956BC000C373E /* Home */ = {
			isa = PBXGroup;
			children = (
				CCAC2CAD2B6B6D7600D73E69 /* View */,
				CCADA64B2B595A80000C373E /* Controller */,
			);
			path = Home;
			sourceTree = "<group>";
		};
		CCADA6492B595A4F000C373E /* TouchGestureExplore */ = {
			isa = PBXGroup;
			children = (
				CCADA64D2B595A98000C373E /* Controller */,
				CCADA64A2B595A70000C373E /* View */,
			);
			path = TouchGestureExplore;
			sourceTree = "<group>";
		};
		CCADA64A2B595A70000C373E /* View */ = {
			isa = PBXGroup;
			children = (
				CC2499672B7FA18400612502 /* BlurredViews */,
				CCAC2CB02B6B8C8100D73E69 /* CharacterSelectionView.swift */,
				CCAC2CB22B6BA96800D73E69 /* SelectionStackView.swift */,
				CC0EF9112B74C37B00206431 /* OnboardingView.swift */,
				CC0EF9152B74E15500206431 /* ARSceneView.swift */,
				CC0EF9172B74F74D00206431 /* TouchGestureExploreView.swift */,
			);
			path = View;
			sourceTree = "<group>";
		};
		CCADA64B2B595A80000C373E /* Controller */ = {
			isa = PBXGroup;
			children = (
				CCADA62F2B5952AD000C373E /* HomeViewController.swift */,
			);
			path = Controller;
			sourceTree = "<group>";
		};
		CCADA64D2B595A98000C373E /* Controller */ = {
			isa = PBXGroup;
			children = (
				CCB67B982B5FF813001B2A07 /* ARCharacterSelectionViewController.swift */,
				CCC53F032B73CBA100B1C7E5 /* TouchGestureExploreViewController.swift */,
			);
			path = Controller;
			sourceTree = "<group>";
		};
		CCB67B862B5FE035001B2A07 /* KioskExplore */ = {
			isa = PBXGroup;
			children = (
				CCB67B892B5FE0BC001B2A07 /* Controller */,
			);
			path = KioskExplore;
			sourceTree = "<group>";
		};
		CCB67B872B5FE058001B2A07 /* AIExplore */ = {
			isa = PBXGroup;
			children = (
				CCB67B882B5FE0B4001B2A07 /* Controller */,
			);
			path = AIExplore;
			sourceTree = "<group>";
		};
		CCB67B882B5FE0B4001B2A07 /* Controller */ = {
			isa = PBXGroup;
			children = (
				CCB67B8C2B5FE159001B2A07 /* AIExploreViewController.swift */,
			);
			path = Controller;
			sourceTree = "<group>";
		};
		CCB67B892B5FE0BC001B2A07 /* Controller */ = {
			isa = PBXGroup;
			children = (
				CCB67B8A2B5FE0E6001B2A07 /* KioskViewController.swift */,
			);
			path = Controller;
			sourceTree = "<group>";
		};
/* End PBXGroup section */

/* Begin PBXNativeTarget section */
		CCADA6272B5952AD000C373E /* Silver Explore Clean Version */ = {
			isa = PBXNativeTarget;
			buildConfigurationList = CCADA63C2B5952AE000C373E /* Build configuration list for PBXNativeTarget "Silver Explore Clean Version" */;
			buildPhases = (
				CCADA6242B5952AD000C373E /* Sources */,
				CCADA6252B5952AD000C373E /* Frameworks */,
				CCADA6262B5952AD000C373E /* Resources */,
			);
			buildRules = (
			);
			dependencies = (
			);
			name = "Silver Explore Clean Version";
			productName = "Silver Explore Clean Version";
			productReference = CCADA6282B5952AD000C373E /* Silver Explore Clean Version.app */;
			productType = "com.apple.product-type.application";
		};
/* End PBXNativeTarget section */

/* Begin PBXProject section */
		CCADA6202B5952AD000C373E /* Project object */ = {
			isa = PBXProject;
			attributes = {
				BuildIndependentTargetsInParallel = 1;
				LastSwiftUpdateCheck = 1520;
				LastUpgradeCheck = 1520;
				TargetAttributes = {
					CCADA6272B5952AD000C373E = {
						CreatedOnToolsVersion = 15.2;
					};
				};
			};
			buildConfigurationList = CCADA6232B5952AD000C373E /* Build configuration list for PBXProject "Silver Explore Clean Version" */;
			compatibilityVersion = "Xcode 14.0";
			developmentRegion = en;
			hasScannedForEncodings = 0;
			knownRegions = (
				en,
				Base,
			);
			mainGroup = CCADA61F2B5952AD000C373E;
			productRefGroup = CCADA6292B5952AD000C373E /* Products */;
			projectDirPath = "";
			projectRoot = "";
			targets = (
				CCADA6272B5952AD000C373E /* Silver Explore Clean Version */,
			);
		};
/* End PBXProject section */

/* Begin PBXResourcesBuildPhase section */
		CCADA6262B5952AD000C373E /* Resources */ = {
			isa = PBXResourcesBuildPhase;
			buildActionMask = 2147483647;
			files = (
				CCADA6382B5952AE000C373E /* LaunchScreen.storyboard in Resources */,
				CCADA64F2B595AD2000C373E /* art.scnassets in Resources */,
				CCADA6352B5952AE000C373E /* Assets.xcassets in Resources */,
			);
			runOnlyForDeploymentPostprocessing = 0;
		};
/* End PBXResourcesBuildPhase section */

/* Begin PBXSourcesBuildPhase section */
		CCADA6242B5952AD000C373E /* Sources */ = {
			isa = PBXSourcesBuildPhase;
			buildActionMask = 2147483647;
			files = (
				CC78E3442B6397320038088C /* Finn.swift in Sources */,
				CC325D2C2B5D3236007C93DC /* Publisher.swift in Sources */,
				CCB67B8D2B5FE159001B2A07 /* AIExploreViewController.swift in Sources */,
				CC24996D2B7FBF9100612502 /* TouchGestureExploreModel.swift in Sources */,
				CCC53F042B73CBA100B1C7E5 /* TouchGestureExploreViewController.swift in Sources */,
				CCB67B992B5FF813001B2A07 /* ARCharacterSelectionViewController.swift in Sources */,
				CC9857B12B623F1B000D621A /* ActionProtocol.swift in Sources */,
				CC9857B72B624D2D000D621A /* ARCharacterProtocol.swift in Sources */,
				CCAC2CB32B6BA96800D73E69 /* SelectionStackView.swift in Sources */,
				CCC53EFE2B739C9A00B1C7E5 /* ImageButton.swift in Sources */,
				CC325D242B5CB7FF007C93DC /* UIView+Extension.swift in Sources */,
				CC9857B32B62408C000D621A /* Arr.swift in Sources */,
				CC3DE29A2B5A842E004175E4 /* HeaderView.swift in Sources */,
				CC4779412B63CBC000333CD2 /* PrevButton.swift in Sources */,
				CC0EF9122B74C37B00206431 /* OnboardingView.swift in Sources */,
				CCAC2CB12B6B8C8100D73E69 /* CharacterSelectionView.swift in Sources */,
				CC0EF9182B74F74D00206431 /* TouchGestureExploreView.swift in Sources */,
				CCADA6302B5952AD000C373E /* HomeViewController.swift in Sources */,
				CCADA62C2B5952AD000C373E /* AppDelegate.swift in Sources */,
				CCC53F022B73C3F600B1C7E5 /* ARCharacterFactory.swift in Sources */,
				CC3DE29F2B5A934F004175E4 /* ExploreButtonsView.swift in Sources */,
				CCADA62E2B5952AD000C373E /* SceneDelegate.swift in Sources */,
				CC78E3472B63997C0038088C /* ARCharacterActionData.swift in Sources */,
				CCB67B8B2B5FE0E6001B2A07 /* KioskViewController.swift in Sources */,
				CC24996B2B7FA1F600612502 /* BlurredExploreStageDescriptionView.swift in Sources */,
				CCC53F002B73C18100B1C7E5 /* CharacterSelectionModel.swift in Sources */,
				CC0EF9142B74C49800206431 /* BlurredButton.swift in Sources */,
				CC325D2A2B5D3201007C93DC /* Observer.swift in Sources */,
				CC325D282B5D2E94007C93DC /* NavigationManager.swift in Sources */,
				CC0EF9162B74E15500206431 /* ARSceneView.swift in Sources */,
				CCAC2CB52B6BBF0300D73E69 /* RadioButton.swift in Sources */,
				CCAC2CAF2B6B6D8300D73E69 /* HomeView.swift in Sources */,
				CC2499692B7FA1A700612502 /* BlurredExploreIndicatorStackView.swift in Sources */,
				CC2499702B8506D300612502 /* ExploreStage.swift in Sources */,
				CC9857AE2B622F16000D621A /* ARObjectData.swift in Sources */,
			);
			runOnlyForDeploymentPostprocessing = 0;
		};
/* End PBXSourcesBuildPhase section */

/* Begin PBXVariantGroup section */
		CCADA6362B5952AE000C373E /* LaunchScreen.storyboard */ = {
			isa = PBXVariantGroup;
			children = (
				CCADA6372B5952AE000C373E /* Base */,
			);
			name = LaunchScreen.storyboard;
			sourceTree = "<group>";
		};
/* End PBXVariantGroup section */

/* Begin XCBuildConfiguration section */
		CCADA63A2B5952AE000C373E /* Debug */ = {
			isa = XCBuildConfiguration;
			buildSettings = {
				ALWAYS_SEARCH_USER_PATHS = NO;
				ASSETCATALOG_COMPILER_GENERATE_SWIFT_ASSET_SYMBOL_EXTENSIONS = YES;
				CLANG_ANALYZER_NONNULL = YES;
				CLANG_ANALYZER_NUMBER_OBJECT_CONVERSION = YES_AGGRESSIVE;
				CLANG_CXX_LANGUAGE_STANDARD = "gnu++20";
				CLANG_ENABLE_MODULES = YES;
				CLANG_ENABLE_OBJC_ARC = YES;
				CLANG_ENABLE_OBJC_WEAK = YES;
				CLANG_WARN_BLOCK_CAPTURE_AUTORELEASING = YES;
				CLANG_WARN_BOOL_CONVERSION = YES;
				CLANG_WARN_COMMA = YES;
				CLANG_WARN_CONSTANT_CONVERSION = YES;
				CLANG_WARN_DEPRECATED_OBJC_IMPLEMENTATIONS = YES;
				CLANG_WARN_DIRECT_OBJC_ISA_USAGE = YES_ERROR;
				CLANG_WARN_DOCUMENTATION_COMMENTS = YES;
				CLANG_WARN_EMPTY_BODY = YES;
				CLANG_WARN_ENUM_CONVERSION = YES;
				CLANG_WARN_INFINITE_RECURSION = YES;
				CLANG_WARN_INT_CONVERSION = YES;
				CLANG_WARN_NON_LITERAL_NULL_CONVERSION = YES;
				CLANG_WARN_OBJC_IMPLICIT_RETAIN_SELF = YES;
				CLANG_WARN_OBJC_LITERAL_CONVERSION = YES;
				CLANG_WARN_OBJC_ROOT_CLASS = YES_ERROR;
				CLANG_WARN_QUOTED_INCLUDE_IN_FRAMEWORK_HEADER = YES;
				CLANG_WARN_RANGE_LOOP_ANALYSIS = YES;
				CLANG_WARN_STRICT_PROTOTYPES = YES;
				CLANG_WARN_SUSPICIOUS_MOVE = YES;
				CLANG_WARN_UNGUARDED_AVAILABILITY = YES_AGGRESSIVE;
				CLANG_WARN_UNREACHABLE_CODE = YES;
				CLANG_WARN__DUPLICATE_METHOD_MATCH = YES;
				COPY_PHASE_STRIP = NO;
				DEBUG_INFORMATION_FORMAT = dwarf;
				ENABLE_STRICT_OBJC_MSGSEND = YES;
				ENABLE_TESTABILITY = YES;
				ENABLE_USER_SCRIPT_SANDBOXING = YES;
				GCC_C_LANGUAGE_STANDARD = gnu17;
				GCC_DYNAMIC_NO_PIC = NO;
				GCC_NO_COMMON_BLOCKS = YES;
				GCC_OPTIMIZATION_LEVEL = 0;
				GCC_PREPROCESSOR_DEFINITIONS = (
					"DEBUG=1",
					"$(inherited)",
				);
				GCC_WARN_64_TO_32_BIT_CONVERSION = YES;
				GCC_WARN_ABOUT_RETURN_TYPE = YES_ERROR;
				GCC_WARN_UNDECLARED_SELECTOR = YES;
				GCC_WARN_UNINITIALIZED_AUTOS = YES_AGGRESSIVE;
				GCC_WARN_UNUSED_FUNCTION = YES;
				GCC_WARN_UNUSED_VARIABLE = YES;
				IPHONEOS_DEPLOYMENT_TARGET = 15.0;
				LOCALIZATION_PREFERS_STRING_CATALOGS = YES;
				MTL_ENABLE_DEBUG_INFO = INCLUDE_SOURCE;
				MTL_FAST_MATH = YES;
				ONLY_ACTIVE_ARCH = YES;
				SDKROOT = iphoneos;
				SWIFT_ACTIVE_COMPILATION_CONDITIONS = "DEBUG $(inherited)";
				SWIFT_OPTIMIZATION_LEVEL = "-Onone";
			};
			name = Debug;
		};
		CCADA63B2B5952AE000C373E /* Release */ = {
			isa = XCBuildConfiguration;
			buildSettings = {
				ALWAYS_SEARCH_USER_PATHS = NO;
				ASSETCATALOG_COMPILER_GENERATE_SWIFT_ASSET_SYMBOL_EXTENSIONS = YES;
				CLANG_ANALYZER_NONNULL = YES;
				CLANG_ANALYZER_NUMBER_OBJECT_CONVERSION = YES_AGGRESSIVE;
				CLANG_CXX_LANGUAGE_STANDARD = "gnu++20";
				CLANG_ENABLE_MODULES = YES;
				CLANG_ENABLE_OBJC_ARC = YES;
				CLANG_ENABLE_OBJC_WEAK = YES;
				CLANG_WARN_BLOCK_CAPTURE_AUTORELEASING = YES;
				CLANG_WARN_BOOL_CONVERSION = YES;
				CLANG_WARN_COMMA = YES;
				CLANG_WARN_CONSTANT_CONVERSION = YES;
				CLANG_WARN_DEPRECATED_OBJC_IMPLEMENTATIONS = YES;
				CLANG_WARN_DIRECT_OBJC_ISA_USAGE = YES_ERROR;
				CLANG_WARN_DOCUMENTATION_COMMENTS = YES;
				CLANG_WARN_EMPTY_BODY = YES;
				CLANG_WARN_ENUM_CONVERSION = YES;
				CLANG_WARN_INFINITE_RECURSION = YES;
				CLANG_WARN_INT_CONVERSION = YES;
				CLANG_WARN_NON_LITERAL_NULL_CONVERSION = YES;
				CLANG_WARN_OBJC_IMPLICIT_RETAIN_SELF = YES;
				CLANG_WARN_OBJC_LITERAL_CONVERSION = YES;
				CLANG_WARN_OBJC_ROOT_CLASS = YES_ERROR;
				CLANG_WARN_QUOTED_INCLUDE_IN_FRAMEWORK_HEADER = YES;
				CLANG_WARN_RANGE_LOOP_ANALYSIS = YES;
				CLANG_WARN_STRICT_PROTOTYPES = YES;
				CLANG_WARN_SUSPICIOUS_MOVE = YES;
				CLANG_WARN_UNGUARDED_AVAILABILITY = YES_AGGRESSIVE;
				CLANG_WARN_UNREACHABLE_CODE = YES;
				CLANG_WARN__DUPLICATE_METHOD_MATCH = YES;
				COPY_PHASE_STRIP = NO;
				DEBUG_INFORMATION_FORMAT = "dwarf-with-dsym";
				ENABLE_NS_ASSERTIONS = NO;
				ENABLE_STRICT_OBJC_MSGSEND = YES;
				ENABLE_USER_SCRIPT_SANDBOXING = YES;
				GCC_C_LANGUAGE_STANDARD = gnu17;
				GCC_NO_COMMON_BLOCKS = YES;
				GCC_WARN_64_TO_32_BIT_CONVERSION = YES;
				GCC_WARN_ABOUT_RETURN_TYPE = YES_ERROR;
				GCC_WARN_UNDECLARED_SELECTOR = YES;
				GCC_WARN_UNINITIALIZED_AUTOS = YES_AGGRESSIVE;
				GCC_WARN_UNUSED_FUNCTION = YES;
				GCC_WARN_UNUSED_VARIABLE = YES;
				IPHONEOS_DEPLOYMENT_TARGET = 15.0;
				LOCALIZATION_PREFERS_STRING_CATALOGS = YES;
				MTL_ENABLE_DEBUG_INFO = NO;
				MTL_FAST_MATH = YES;
				SDKROOT = iphoneos;
				SWIFT_COMPILATION_MODE = wholemodule;
				VALIDATE_PRODUCT = YES;
			};
			name = Release;
		};
		CCADA63D2B5952AE000C373E /* Debug */ = {
			isa = XCBuildConfiguration;
			buildSettings = {
				ASSETCATALOG_COMPILER_APPICON_NAME = AppIcon;
				ASSETCATALOG_COMPILER_GLOBAL_ACCENT_COLOR_NAME = AccentColor;
				CODE_SIGN_STYLE = Automatic;
				CURRENT_PROJECT_VERSION = 1;
				DEVELOPMENT_TEAM = YWNQ4RZBTS;
				GENERATE_INFOPLIST_FILE = YES;
				INFOPLIST_FILE = "Silver Explore Clean Version/Info.plist";
				INFOPLIST_KEY_CFBundleDisplayName = "은빛 탐험가";
				INFOPLIST_KEY_NSCameraUsageDescription = "";
				INFOPLIST_KEY_UIApplicationSupportsIndirectInputEvents = YES;
				INFOPLIST_KEY_UILaunchStoryboardName = LaunchScreen;
				INFOPLIST_KEY_UISupportedInterfaceOrientations = "UIInterfaceOrientationLandscapeLeft UIInterfaceOrientationLandscapeRight UIInterfaceOrientationPortrait";
				IPHONEOS_DEPLOYMENT_TARGET = 15.0;
				LD_RUNPATH_SEARCH_PATHS = (
					"$(inherited)",
					"@executable_path/Frameworks",
				);
				MARKETING_VERSION = 1.0;
				PRODUCT_BUNDLE_IDENTIFIER = "com.jinyoo.silver.explore.Silver-Explore-Clean-Version";
				PRODUCT_NAME = "$(TARGET_NAME)";
				SUPPORTED_PLATFORMS = "iphoneos iphonesimulator";
				SUPPORTS_MACCATALYST = NO;
				SUPPORTS_MAC_DESIGNED_FOR_IPHONE_IPAD = NO;
				SUPPORTS_XR_DESIGNED_FOR_IPHONE_IPAD = NO;
				SWIFT_EMIT_LOC_STRINGS = YES;
				SWIFT_VERSION = 5.0;
				TARGETED_DEVICE_FAMILY = 2;
			};
			name = Debug;
		};
		CCADA63E2B5952AE000C373E /* Release */ = {
			isa = XCBuildConfiguration;
			buildSettings = {
				ASSETCATALOG_COMPILER_APPICON_NAME = AppIcon;
				ASSETCATALOG_COMPILER_GLOBAL_ACCENT_COLOR_NAME = AccentColor;
				CODE_SIGN_STYLE = Automatic;
				CURRENT_PROJECT_VERSION = 1;
				DEVELOPMENT_TEAM = YWNQ4RZBTS;
				GENERATE_INFOPLIST_FILE = YES;
				INFOPLIST_FILE = "Silver Explore Clean Version/Info.plist";
				INFOPLIST_KEY_CFBundleDisplayName = "은빛 탐험가";
				INFOPLIST_KEY_NSCameraUsageDescription = "";
				INFOPLIST_KEY_UIApplicationSupportsIndirectInputEvents = YES;
				INFOPLIST_KEY_UILaunchStoryboardName = LaunchScreen;
				INFOPLIST_KEY_UISupportedInterfaceOrientations = "UIInterfaceOrientationLandscapeLeft UIInterfaceOrientationLandscapeRight UIInterfaceOrientationPortrait";
				IPHONEOS_DEPLOYMENT_TARGET = 15.0;
				LD_RUNPATH_SEARCH_PATHS = (
					"$(inherited)",
					"@executable_path/Frameworks",
				);
				MARKETING_VERSION = 1.0;
				PRODUCT_BUNDLE_IDENTIFIER = "com.jinyoo.silver.explore.Silver-Explore-Clean-Version";
				PRODUCT_NAME = "$(TARGET_NAME)";
				SUPPORTED_PLATFORMS = "iphoneos iphonesimulator";
				SUPPORTS_MACCATALYST = NO;
				SUPPORTS_MAC_DESIGNED_FOR_IPHONE_IPAD = NO;
				SUPPORTS_XR_DESIGNED_FOR_IPHONE_IPAD = NO;
				SWIFT_EMIT_LOC_STRINGS = YES;
				SWIFT_VERSION = 5.0;
				TARGETED_DEVICE_FAMILY = 2;
			};
			name = Release;
		};
/* End XCBuildConfiguration section */

/* Begin XCConfigurationList section */
		CCADA6232B5952AD000C373E /* Build configuration list for PBXProject "Silver Explore Clean Version" */ = {
			isa = XCConfigurationList;
			buildConfigurations = (
				CCADA63A2B5952AE000C373E /* Debug */,
				CCADA63B2B5952AE000C373E /* Release */,
			);
			defaultConfigurationIsVisible = 0;
			defaultConfigurationName = Release;
		};
		CCADA63C2B5952AE000C373E /* Build configuration list for PBXNativeTarget "Silver Explore Clean Version" */ = {
			isa = XCConfigurationList;
			buildConfigurations = (
				CCADA63D2B5952AE000C373E /* Debug */,
				CCADA63E2B5952AE000C373E /* Release */,
			);
			defaultConfigurationIsVisible = 0;
			defaultConfigurationName = Release;
		};
/* End XCConfigurationList section */
	};
	rootObject = CCADA6202B5952AD000C373E /* Project object */;
}
